
Microsoft Visual Studio Solution File, Format Version 12.00
# Visual Studio Version 16
VisualStudioVersion = 16.0.29920.165
MinimumVisualStudioVersion = 10.0.40219.1
Project("{FAE04EC0-301F-11D3-BF4B-00C04F79EFBC}") = "Proiect_PAW", "Proiect_PAW\Proiect_PAW.csproj", "{94F8AB2D-2A48-46AC-8372-717B2D490BE6}"
EndProject
Global
	GlobalSection(SolutionConfigurationPlatforms) = preSolution
		Debug|Any CPU = Debug|Any CPU
		Release|Any CPU = Release|Any CPU
	EndGlobalSection
	GlobalSection(ProjectConfigurationPlatforms) = postSolution
		{94F8AB2D-2A48-46AC-8372-717B2D490BE6}.Debug|Any CPU.ActiveCfg = Debug|Any CPU
		{94F8AB2D-2A48-46AC-8372-717B2D490BE6}.Debug|Any CPU.Build.0 = Debug|Any CPU
		{94F8AB2D-2A48-46AC-8372-717B2D490BE6}.Release|Any CPU.ActiveCfg = Release|Any CPU
		{94F8AB2D-2A48-46AC-8372-717B2D490BE6}.Release|Any CPU.Build.0 = Release|Any CPU
	EndGlobalSection
	GlobalSection(SolutionProperties) = preSolution
		HideSolutionNode = FALSE
	EndGlobalSection
	GlobalSection(ExtensibilityGlobals) = postSolution
		SolutionGuid = {0782D2CE-D513-457D-A52A-C63566473012}
	EndGlobalSection
EndGlobal
